
Microsoft Visual Studio Solution File, Format Version 12.00
# Visual Studio 15
VisualStudioVersion = 15.0.28307.168
MinimumVisualStudioVersion = 10.0.40219.1
Project("{2150E333-8FDC-42A3-9474-1A3956D46DE8}") = "01. Presentation", "01. Presentation", "{7CE32566-1D72-4101-BBC6-81FD225783E9}"
EndProject
Project("{2150E333-8FDC-42A3-9474-1A3956D46DE8}") = "02. Services", "02. Services", "{9C1B9C9B-8EAF-4998-B7B5-0628F6A3DF93}"
EndProject
Project("{2150E333-8FDC-42A3-9474-1A3956D46DE8}") = "03. Business Layer", "03. Business Layer", "{BAC19201-F272-4C94-B19E-9CB005EB9F0B}"
EndProject
Project("{2150E333-8FDC-42A3-9474-1A3956D46DE8}") = "04. Data Access Layer", "04. Data Access Layer", "{87BE3C0F-427C-4E50-A669-66277E1AA393}"
EndProject
Project("{2150E333-8FDC-42A3-9474-1A3956D46DE8}") = "05. Unit Test", "05. Unit Test", "{7CAD2267-EDD8-47F1-A553-5CC790818C64}"
EndProject
Project("{2150E333-8FDC-42A3-9474-1A3956D46DE8}") = "06. Shared", "06. Shared", "{2E82DB53-0956-4720-8017-51399028877C}"
EndProject
Project("{9A19103F-16F7-4668-BE54-9A1E7A4F7556}") = "SMT.Business", "SMT.Business\SMT.Business.csproj", "{75C99DE5-8B7D-402A-9447-F1F921593232}"
EndProject
Project("{9A19103F-16F7-4668-BE54-9A1E7A4F7556}") = "SMT.BusinessContracts", "SMT.BusinessContracts\SMT.BusinessContracts.csproj", "{C1C75F5E-8A86-42FD-B136-0798F094EBE2}"
EndProject
Project("{9A19103F-16F7-4668-BE54-9A1E7A4F7556}") = "SMT.DTO", "SMT.DTO\SMT.DTO.csproj", "{D3CD670C-3C73-4477-9AF6-B8F4B72984A5}"
EndProject
Project("{9A19103F-16F7-4668-BE54-9A1E7A4F7556}") = "SMT.Entities", "SMT.Entities\SMT.Entities.csproj", "{CE6A6E49-CDDF-4F88-A819-53BED8AEB05E}"
EndProject
Project("{9A19103F-16F7-4668-BE54-9A1E7A4F7556}") = "SMT.DataAccess", "SMT.DataAccess\SMT.DataAccess.csproj", "{B6E43244-DC01-4A61-9D8D-BA9D570B191C}"
EndProject
Project("{FAE04EC0-301F-11D3-BF4B-00C04F79EFBC}") = "SMT.WebAPIProj", "SMT.WebAPIProj\SMT.WebAPIProj.csproj", "{51439BEA-C530-49F0-B04D-A02650FA70F0}"
EndProject
Project("{FAE04EC0-301F-11D3-BF4B-00C04F79EFBC}") = "SMT.Shared1", "SMT.Shared1\SMT.Shared1.csproj", "{C33E0492-9374-40BC-8E6A-ED5D9195F546}"
EndProject
Global
	GlobalSection(SolutionConfigurationPlatforms) = preSolution
		Debug|Any CPU = Debug|Any CPU
		Release|Any CPU = Release|Any CPU
	EndGlobalSection
	GlobalSection(ProjectConfigurationPlatforms) = postSolution
		{75C99DE5-8B7D-402A-9447-F1F921593232}.Debug|Any CPU.ActiveCfg = Debug|Any CPU
		{75C99DE5-8B7D-402A-9447-F1F921593232}.Debug|Any CPU.Build.0 = Debug|Any CPU
		{75C99DE5-8B7D-402A-9447-F1F921593232}.Release|Any CPU.ActiveCfg = Release|Any CPU
		{75C99DE5-8B7D-402A-9447-F1F921593232}.Release|Any CPU.Build.0 = Release|Any CPU
		{C1C75F5E-8A86-42FD-B136-0798F094EBE2}.Debug|Any CPU.ActiveCfg = Debug|Any CPU
		{C1C75F5E-8A86-42FD-B136-0798F094EBE2}.Debug|Any CPU.Build.0 = Debug|Any CPU
		{C1C75F5E-8A86-42FD-B136-0798F094EBE2}.Release|Any CPU.ActiveCfg = Release|Any CPU
		{C1C75F5E-8A86-42FD-B136-0798F094EBE2}.Release|Any CPU.Build.0 = Release|Any CPU
		{D3CD670C-3C73-4477-9AF6-B8F4B72984A5}.Debug|Any CPU.ActiveCfg = Debug|Any CPU
		{D3CD670C-3C73-4477-9AF6-B8F4B72984A5}.Debug|Any CPU.Build.0 = Debug|Any CPU
		{D3CD670C-3C73-4477-9AF6-B8F4B72984A5}.Release|Any CPU.ActiveCfg = Release|Any CPU
		{D3CD670C-3C73-4477-9AF6-B8F4B72984A5}.Release|Any CPU.Build.0 = Release|Any CPU
		{CE6A6E49-CDDF-4F88-A819-53BED8AEB05E}.Debug|Any CPU.ActiveCfg = Debug|Any CPU
		{CE6A6E49-CDDF-4F88-A819-53BED8AEB05E}.Debug|Any CPU.Build.0 = Debug|Any CPU
		{CE6A6E49-CDDF-4F88-A819-53BED8AEB05E}.Release|Any CPU.ActiveCfg = Release|Any CPU
		{CE6A6E49-CDDF-4F88-A819-53BED8AEB05E}.Release|Any CPU.Build.0 = Release|Any CPU
		{B6E43244-DC01-4A61-9D8D-BA9D570B191C}.Debug|Any CPU.ActiveCfg = Debug|Any CPU
		{B6E43244-DC01-4A61-9D8D-BA9D570B191C}.Debug|Any CPU.Build.0 = Debug|Any CPU
		{B6E43244-DC01-4A61-9D8D-BA9D570B191C}.Release|Any CPU.ActiveCfg = Release|Any CPU
		{B6E43244-DC01-4A61-9D8D-BA9D570B191C}.Release|Any CPU.Build.0 = Release|Any CPU
		{51439BEA-C530-49F0-B04D-A02650FA70F0}.Debug|Any CPU.ActiveCfg = Debug|Any CPU
		{51439BEA-C530-49F0-B04D-A02650FA70F0}.Debug|Any CPU.Build.0 = Debug|Any CPU
		{51439BEA-C530-49F0-B04D-A02650FA70F0}.Release|Any CPU.ActiveCfg = Release|Any CPU
		{51439BEA-C530-49F0-B04D-A02650FA70F0}.Release|Any CPU.Build.0 = Release|Any CPU
		{C33E0492-9374-40BC-8E6A-ED5D9195F546}.Debug|Any CPU.ActiveCfg = Debug|Any CPU
		{C33E0492-9374-40BC-8E6A-ED5D9195F546}.Debug|Any CPU.Build.0 = Debug|Any CPU
		{C33E0492-9374-40BC-8E6A-ED5D9195F546}.Release|Any CPU.ActiveCfg = Release|Any CPU
		{C33E0492-9374-40BC-8E6A-ED5D9195F546}.Release|Any CPU.Build.0 = Release|Any CPU
	EndGlobalSection
	GlobalSection(SolutionProperties) = preSolution
		HideSolutionNode = FALSE
	EndGlobalSection
	GlobalSection(NestedProjects) = preSolution
		{75C99DE5-8B7D-402A-9447-F1F921593232} = {BAC19201-F272-4C94-B19E-9CB005EB9F0B}
		{C1C75F5E-8A86-42FD-B136-0798F094EBE2} = {BAC19201-F272-4C94-B19E-9CB005EB9F0B}
		{D3CD670C-3C73-4477-9AF6-B8F4B72984A5} = {2E82DB53-0956-4720-8017-51399028877C}
		{CE6A6E49-CDDF-4F88-A819-53BED8AEB05E} = {2E82DB53-0956-4720-8017-51399028877C}
		{B6E43244-DC01-4A61-9D8D-BA9D570B191C} = {87BE3C0F-427C-4E50-A669-66277E1AA393}
		{51439BEA-C530-49F0-B04D-A02650FA70F0} = {9C1B9C9B-8EAF-4998-B7B5-0628F6A3DF93}
		{C33E0492-9374-40BC-8E6A-ED5D9195F546} = {2E82DB53-0956-4720-8017-51399028877C}
	EndGlobalSection
	GlobalSection(ExtensibilityGlobals) = postSolution
		SolutionGuid = {7D3E7609-F966-4E55-B5B8-B458DD01720A}
	EndGlobalSection
EndGlobal
